// !$*UTF8*$!
{
	archiveVersion = 1;
	classes = {
	};
	objectVersion = 46;
	objects = {

/* Begin PBXBuildFile section */
		D94C58971B226E4C00008F4B /* main.m in Sources */ = {isa = PBXBuildFile; fileRef = D94C58961B226E4C00008F4B /* main.m */; };
		D94C589A1B226E4C00008F4B /* AppDelegate.m in Sources */ = {isa = PBXBuildFile; fileRef = D94C58991B226E4C00008F4B /* AppDelegate.m */; };
		D94C589D1B226E4C00008F4B /* ViewController.m in Sources */ = {isa = PBXBuildFile; fileRef = D94C589C1B226E4C00008F4B /* ViewController.m */; };
		D94C58A01B226E4C00008F4B /* Main.storyboard in Resources */ = {isa = PBXBuildFile; fileRef = D94C589E1B226E4C00008F4B /* Main.storyboard */; };
		D94C58A21B226E4C00008F4B /* Images.xcassets in Resources */ = {isa = PBXBuildFile; fileRef = D94C58A11B226E4C00008F4B /* Images.xcassets */; };
		D94C58A51B226E4C00008F4B /* LaunchScreen.xib in Resources */ = {isa = PBXBuildFile; fileRef = D94C58A31B226E4C00008F4B /* LaunchScreen.xib */; };
		D94C58B11B226E4C00008F4B /* Sam_s_Second_AppTests.m in Sources */ = {isa = PBXBuildFile; fileRef = D94C58B01B226E4C00008F4B /* Sam_s_Second_AppTests.m */; };
/* End PBXBuildFile section */

/* Begin PBXContainerItemProxy section */
		D94C58AB1B226E4C00008F4B /* PBXContainerItemProxy */ = {
			isa = PBXContainerItemProxy;
			containerPortal = D94C58891B226E4C00008F4B /* Project object */;
			proxyType = 1;
			remoteGlobalIDString = D94C58901B226E4C00008F4B;
			remoteInfo = "Sam's Second App";
		};
/* End PBXContainerItemProxy section */

/* Begin PBXFileReference section */
		D94C58911B226E4C00008F4B /* Sam's Second App.app */ = {isa = PBXFileReference; explicitFileType = wrapper.application; includeInIndex = 0; path = "Sam's Second App.app"; sourceTree = BUILT_PRODUCTS_DIR; };
		D94C58951B226E4C00008F4B /* Info.plist */ = {isa = PBXFileReference; lastKnownFileType = text.plist.xml; path = Info.plist; sourceTree = "<group>"; };
		D94C58961B226E4C00008F4B /* main.m */ = {isa = PBXFileReference; lastKnownFileType = sourcecode.c.objc; path = main.m; sourceTree = "<group>"; };
		D94C58981B226E4C00008F4B /* AppDelegate.h */ = {isa = PBXFileReference; lastKnownFileType = sourcecode.c.h; path = AppDelegate.h; sourceTree = "<group>"; };
		D94C58991B226E4C00008F4B /* AppDelegate.m */ = {isa = PBXFileReference; lastKnownFileType = sourcecode.c.objc; path = AppDelegate.m; sourceTree = "<group>"; };
		D94C589B1B226E4C00008F4B /* ViewController.h */ = {isa = PBXFileReference; lastKnownFileType = sourcecode.c.h; path = ViewController.h; sourceTree = "<group>"; };
		D94C589C1B226E4C00008F4B /* ViewController.m */ = {isa = PBXFileReference; lastKnownFileType = sourcecode.c.objc; path = ViewController.m; sourceTree = "<group>"; };
		D94C589F1B226E4C00008F4B /* Base */ = {isa = PBXFileReference; lastKnownFileType = file.storyboard; name = Base; path = Base.lproj/Main.storyboard; sourceTree = "<group>"; };
		D94C58A11B226E4C00008F4B /* Images.xcassets */ = {isa = PBXFileReference; lastKnownFileType = folder.assetcatalog; path = Images.xcassets; sourceTree = "<group>"; };
		D94C58A41B226E4C00008F4B /* Base */ = {isa = PBXFileReference; lastKnownFileType = file.xib; name = Base; path = Base.lproj/LaunchScreen.xib; sourceTree = "<group>"; };
		D94C58AA1B226E4C00008F4B /* Sam's Second AppTests.xctest */ = {isa = PBXFileReference; explicitFileType = wrapper.cfbundle; includeInIndex = 0; path = "Sam's Second AppTests.xctest"; sourceTree = BUILT_PRODUCTS_DIR; };
		D94C58AF1B226E4C00008F4B /* Info.plist */ = {isa = PBXFileReference; lastKnownFileType = text.plist.xml; path = Info.plist; sourceTree = "<group>"; };
		D94C58B01B226E4C00008F4B /* Sam_s_Second_AppTests.m */ = {isa = PBXFileReference; lastKnownFileType = sourcecode.c.objc; path = Sam_s_Second_AppTests.m; sourceTree = "<group>"; };
/* End PBXFileReference section */

/* Begin PBXFrameworksBuildPhase section */
		D94C588E1B226E4C00008F4B /* Frameworks */ = {
			isa = PBXFrameworksBuildPhase;
			buildActionMask = 2147483647;
			files = (
			);
			runOnlyForDeploymentPostprocessing = 0;
		};
		D94C58A71B226E4C00008F4B /* Frameworks */ = {
			isa = PBXFrameworksBuildPhase;
			buildActionMask = 2147483647;
			files = (
			);
			runOnlyForDeploymentPostprocessing = 0;
		};
/* End PBXFrameworksBuildPhase section */

/* Begin PBXGroup section */
		D94C58881B226E4C00008F4B = {
			isa = PBXGroup;
			children = (
				D94C58931B226E4C00008F4B /* Sam's Second App */,
				D94C58AD1B226E4C00008F4B /* Sam's Second AppTests */,
				D94C58921B226E4C00008F4B /* Products */,
			);
			sourceTree = "<group>";
		};
		D94C58921B226E4C00008F4B /* Products */ = {
			isa = PBXGroup;
			children = (
				D94C58911B226E4C00008F4B /* Sam's Second App.app */,
				D94C58AA1B226E4C00008F4B /* Sam's Second AppTests.xctest */,
			);
			name = Products;
			sourceTree = "<group>";
		};
		D94C58931B226E4C00008F4B /* Sam's Second App */ = {
			isa = PBXGroup;
			children = (
				D94C58981B226E4C00008F4B /* AppDelegate.h */,
				D94C58991B226E4C00008F4B /* AppDelegate.m */,
				D94C589B1B226E4C00008F4B /* ViewController.h */,
				D94C589C1B226E4C00008F4B /* ViewController.m */,
				D94C589E1B226E4C00008F4B /* Main.storyboard */,
				D94C58A11B226E4C00008F4B /* Images.xcassets */,
				D94C58A31B226E4C00008F4B /* LaunchScreen.xib */,
				D94C58941B226E4C00008F4B /* Supporting Files */,
			);
			path = "Sam's Second App";
			sourceTree = "<group>";
		};
		D94C58941B226E4C00008F4B /* Supporting Files */ = {
			isa = PBXGroup;
			children = (
				D94C58951B226E4C00008F4B /* Info.plist */,
				D94C58961B226E4C00008F4B /* main.m */,
			);
			name = "Supporting Files";
			sourceTree = "<group>";
		};
		D94C58AD1B226E4C00008F4B /* Sam's Second AppTests */ = {
			isa = PBXGroup;
			children = (
				D94C58B01B226E4C00008F4B /* Sam_s_Second_AppTests.m */,
				D94C58AE1B226E4C00008F4B /* Supporting Files */,
			);
			path = "Sam's Second AppTests";
			sourceTree = "<group>";
		};
		D94C58AE1B226E4C00008F4B /* Supporting Files */ = {
			isa = PBXGroup;
			children = (
				D94C58AF1B226E4C00008F4B /* Info.plist */,
			);
			name = "Supporting Files";
			sourceTree = "<group>";
		};
/* End PBXGroup section */

/* Begin PBXNativeTarget section */
		D94C58901B226E4C00008F4B /* Sam's Second App */ = {
			isa = PBXNativeTarget;
			buildConfigurationList = D94C58B41B226E4C00008F4B /* Build configuration list for PBXNativeTarget "Sam's Second App" */;
			buildPhases = (
				D94C588D1B226E4C00008F4B /* Sources */,
				D94C588E1B226E4C00008F4B /* Frameworks */,
				D94C588F1B226E4C00008F4B /* Resources */,
			);
			buildRules = (
			);
			dependencies = (
			);
			name = "Sam's Second App";
			productName = "Sam's Second App";
			productReference = D94C58911B226E4C00008F4B /* Sam's Second App.app */;
			productType = "com.apple.product-type.application";
		};
		D94C58A91B226E4C00008F4B /* Sam's Second AppTests */ = {
			isa = PBXNativeTarget;
			buildConfigurationList = D94C58B71B226E4C00008F4B /* Build configuration list for PBXNativeTarget "Sam's Second AppTests" */;
			buildPhases = (
				D94C58A61B226E4C00008F4B /* Sources */,
				D94C58A71B226E4C00008F4B /* Frameworks */,
				D94C58A81B226E4C00008F4B /* Resources */,
			);
			buildRules = (
			);
			dependencies = (
				D94C58AC1B226E4C00008F4B /* PBXTargetDependency */,
			);
			name = "Sam's Second AppTests";
			productName = "Sam's Second AppTests";
			productReference = D94C58AA1B226E4C00008F4B /* Sam's Second AppTests.xctest */;
			productType = "com.apple.product-type.bundle.unit-test";
		};
/* End PBXNativeTarget section */

/* Begin PBXProject section */
		D94C58891B226E4C00008F4B /* Project object */ = {
			isa = PBXProject;
			attributes = {
				LastUpgradeCheck = 0630;
				ORGANIZATIONNAME = AlexFine;
				TargetAttributes = {
					D94C58901B226E4C00008F4B = {
						CreatedOnToolsVersion = 6.3.2;
					};
					D94C58A91B226E4C00008F4B = {
						CreatedOnToolsVersion = 6.3.2;
						TestTargetID = D94C58901B226E4C00008F4B;
					};
				};
			};
			buildConfigurationList = D94C588C1B226E4C00008F4B /* Build configuration list for PBXProject "Sam's Second App" */;
			compatibilityVersion = "Xcode 3.2";
			developmentRegion = English;
			hasScannedForEncodings = 0;
			knownRegions = (
				en,
				Base,
			);
			mainGroup = D94C58881B226E4C00008F4B;
			productRefGroup = D94C58921B226E4C00008F4B /* Products */;
			projectDirPath = "";
			projectRoot = "";
			targets = (
				D94C58901B226E4C00008F4B /* Sam's Second App */,
				D94C58A91B226E4C00008F4B /* Sam's Second AppTests */,
			);
		};
/* End PBXProject section */

/* Begin PBXResourcesBuildPhase section */
		D94C588F1B226E4C00008F4B /* Resources */ = {
			isa = PBXResourcesBuildPhase;
			buildActionMask = 2147483647;
			files = (
				D94C58A01B226E4C00008F4B /* Main.storyboard in Resources */,
				D94C58A51B226E4C00008F4B /* LaunchScreen.xib in Resources */,
				D94C58A21B226E4C00008F4B /* Images.xcassets in Resources */,
			);
			runOnlyForDeploymentPostprocessing = 0;
		};
		D94C58A81B226E4C00008F4B /* Resources */ = {
			isa = PBXResourcesBuildPhase;
			buildActionMask = 2147483647;
			files = (
			);
			runOnlyForDeploymentPostprocessing = 0;
		};
/* End PBXResourcesBuildPhase section */

/* Begin PBXSourcesBuildPhase section */
		D94C588D1B226E4C00008F4B /* Sources */ = {
			isa = PBXSourcesBuildPhase;
			buildActionMask = 2147483647;
			files = (
				D94C589D1B226E4C00008F4B /* ViewController.m in Sources */,
				D94C589A1B226E4C00008F4B /* AppDelegate.m in Sources */,
				D94C58971B226E4C00008F4B /* main.m in Sources */,
			);
			runOnlyForDeploymentPostprocessing = 0;
		};
		D94C58A61B226E4C00008F4B /* Sources */ = {
			isa = PBXSourcesBuildPhase;
			buildActionMask = 2147483647;
			files = (
				D94C58B11B226E4C00008F4B /* Sam_s_Second_AppTests.m in Sources */,
			);
			runOnlyForDeploymentPostprocessing = 0;
		};
/* End PBXSourcesBuildPhase section */

/* Begin PBXTargetDependency section */
		D94C58AC1B226E4C00008F4B /* PBXTargetDependency */ = {
			isa = PBXTargetDependency;
			target = D94C58901B226E4C00008F4B /* Sam's Second App */;
			targetProxy = D94C58AB1B226E4C00008F4B /* PBXContainerItemProxy */;
		};
/* End PBXTargetDependency section */

/* Begin PBXVariantGroup section */
		D94C589E1B226E4C00008F4B /* Main.storyboard */ = {
			isa = PBXVariantGroup;
			children = (
				D94C589F1B226E4C00008F4B /* Base */,
			);
			name = Main.storyboard;
			sourceTree = "<group>";
		};
		D94C58A31B226E4C00008F4B /* LaunchScreen.xib */ = {
			isa = PBXVariantGroup;
			children = (
				D94C58A41B226E4C00008F4B /* Base */,
			);
			name = LaunchScreen.xib;
			sourceTree = "<group>";
		};
/* End PBXVariantGroup section */

/* Begin XCBuildConfiguration section */
		D94C58B21B226E4C00008F4B /* Debug */ = {
			isa = XCBuildConfiguration;
			buildSettings = {
				ALWAYS_SEARCH_USER_PATHS = NO;
				CLANG_CXX_LANGUAGE_STANDARD = "gnu++0x";
				CLANG_CXX_LIBRARY = "libc++";
				CLANG_ENABLE_MODULES = YES;
				CLANG_ENABLE_OBJC_ARC = YES;
				CLANG_WARN_BOOL_CONVERSION = YES;
				CLANG_WARN_CONSTANT_CONVERSION = YES;
				CLANG_WARN_DIRECT_OBJC_ISA_USAGE = YES_ERROR;
				CLANG_WARN_EMPTY_BODY = YES;
				CLANG_WARN_ENUM_CONVERSION = YES;
				CLANG_WARN_INT_CONVERSION = YES;
				CLANG_WARN_OBJC_ROOT_CLASS = YES_ERROR;
				CLANG_WARN_UNREACHABLE_CODE = YES;
				CLANG_WARN__DUPLICATE_METHOD_MATCH = YES;
				"CODE_SIGN_IDENTITY[sdk=iphoneos*]" = "iPhone Developer";
				COPY_PHASE_STRIP = NO;
				DEBUG_INFORMATION_FORMAT = "dwarf-with-dsym";
				ENABLE_STRICT_OBJC_MSGSEND = YES;
				GCC_C_LANGUAGE_STANDARD = gnu99;
				GCC_DYNAMIC_NO_PIC = NO;
				GCC_NO_COMMON_BLOCKS = YES;
				GCC_OPTIMIZATION_LEVEL = 0;
				GCC_PREPROCESSOR_DEFINITIONS = (
					"DEBUG=1",
					"$(inherited)",
				);
				GCC_SYMBOLS_PRIVATE_EXTERN = NO;
				GCC_WARN_64_TO_32_BIT_CONVERSION = YES;
				GCC_WARN_ABOUT_RETURN_TYPE = YES_ERROR;
				GCC_WARN_UNDECLARED_SELECTOR = YES;
				GCC_WARN_UNINITIALIZED_AUTOS = YES_AGGRESSIVE;
				GCC_WARN_UNUSED_FUNCTION = YES;
				GCC_WARN_UNUSED_VARIABLE = YES;
				IPHONEOS_DEPLOYMENT_TARGET = 8.3;
				MTL_ENABLE_DEBUG_INFO = YES;
				ONLY_ACTIVE_ARCH = YES;
				SDKROOT = iphoneos;
			};
			name = Debug;
		};
		D94C58B31B226E4C00008F4B /* Release */ = {
			isa = XCBuildConfiguration;
			buildSettings = {
				ALWAYS_SEARCH_USER_PATHS = NO;
				CLANG_CXX_LANGUAGE_STANDARD = "gnu++0x";
				CLANG_CXX_LIBRARY = "libc++";
				CLANG_ENABLE_MODULES = YES;
				CLANG_ENABLE_OBJC_ARC = YES;
				CLANG_WARN_BOOL_CONVERSION = YES;
				CLANG_WARN_CONSTANT_CONVERSION = YES;
				CLANG_WARN_DIRECT_OBJC_ISA_USAGE = YES_ERROR;
				CLANG_WARN_EMPTY_BODY = YES;
				CLANG_WARN_ENUM_CONVERSION = YES;
				CLANG_WARN_INT_CONVERSION = YES;
				CLANG_WARN_OBJC_ROOT_CLASS = YES_ERROR;
				CLANG_WARN_UNREACHABLE_CODE = YES;
				CLANG_WARN__DUPLICATE_METHOD_MATCH = YES;
				"CODE_SIGN_IDENTITY[sdk=iphoneos*]" = "iPhone Developer";
				COPY_PHASE_STRIP = NO;
				DEBUG_INFORMATION_FORMAT = "dwarf-with-dsym";
				ENABLE_NS_ASSERTIONS = NO;
				ENABLE_STRICT_OBJC_MSGSEND = YES;
				GCC_C_LANGUAGE_STANDARD = gnu99;
				GCC_NO_COMMON_BLOCKS = YES;
				GCC_WARN_64_TO_32_BIT_CONVERSION = YES;
				GCC_WARN_ABOUT_RETURN_TYPE = YES_ERROR;
				GCC_WARN_UNDECLARED_SELECTOR = YES;
				GCC_WARN_UNINITIALIZED_AUTOS = YES_AGGRESSIVE;
				GCC_WARN_UNUSED_FUNCTION = YES;
				GCC_WARN_UNUSED_VARIABLE = YES;
				IPHONEOS_DEPLOYMENT_TARGET = 8.3;
				MTL_ENABLE_DEBUG_INFO = NO;
				SDKROOT = iphoneos;
				VALIDATE_PRODUCT = YES;
			};
			name = Release;
		};
		D94C58B51B226E4C00008F4B /* Debug */ = {
			isa = XCBuildConfiguration;
			buildSettings = {
				ASSETCATALOG_COMPILER_APPICON_NAME = AppIcon;
				INFOPLIST_FILE = "Sam's Second App/Info.plist";
				LD_RUNPATH_SEARCH_PATHS = "$(inherited) @executable_path/Frameworks";
				PRODUCT_NAME = "$(TARGET_NAME)";
			};
			name = Debug;
		};
		D94C58B61B226E4C00008F4B /* Release */ = {
			isa = XCBuildConfiguration;
			buildSettings = {
				ASSETCATALOG_COMPILER_APPICON_NAME = AppIcon;
				INFOPLIST_FILE = "Sam's Second App/Info.plist";
				LD_RUNPATH_SEARCH_PATHS = "$(inherited) @executable_path/Frameworks";
				PRODUCT_NAME = "$(TARGET_NAME)";
			};
			name = Release;
		};
		D94C58B81B226E4C00008F4B /* Debug */ = {
			isa = XCBuildConfiguration;
			buildSettings = {
				BUNDLE_LOADER = "$(TEST_HOST)";
				FRAMEWORK_SEARCH_PATHS = (
					"$(SDKROOT)/Developer/Library/Frameworks",
					"$(inherited)",
				);
				GCC_PREPROCESSOR_DEFINITIONS = (
					"DEBUG=1",
					"$(inherited)",
				);
				INFOPLIST_FILE = "Sam's Second AppTests/Info.plist";
				LD_RUNPATH_SEARCH_PATHS = "$(inherited) @executable_path/Frameworks @loader_path/Frameworks";
				PRODUCT_NAME = "$(TARGET_NAME)";
				TEST_HOST = "$(BUILT_PRODUCTS_DIR)/Sam's Second App.app/Sam's Second App";
			};
			name = Debug;
		};
		D94C58B91B226E4C00008F4B /* Release */ = {
			isa = XCBuildConfiguration;
			buildSettings = {
				BUNDLE_LOADER = "$(TEST_HOST)";
				FRAMEWORK_SEARCH_PATHS = (
					"$(SDKROOT)/Developer/Library/Frameworks",
					"$(inherited)",
				);
				INFOPLIST_FILE = "Sam's Second AppTests/Info.plist";
				LD_RUNPATH_SEARCH_PATHS = "$(inherited) @executable_path/Frameworks @loader_path/Frameworks";
				PRODUCT_NAME = "$(TARGET_NAME)";
				TEST_HOST = "$(BUILT_PRODUCTS_DIR)/Sam's Second App.app/Sam's Second App";
			};
			name = Release;
		};
/* End XCBuildConfiguration section */

/* Begin XCConfigurationList section */
		D94C588C1B226E4C00008F4B /* Build configuration list for PBXProject "Sam's Second App" */ = {
			isa = XCConfigurationList;
			buildConfigurations = (
				D94C58B21B226E4C00008F4B /* Debug */,
				D94C58B31B226E4C00008F4B /* Release */,
			);
			defaultConfigurationIsVisible = 0;
			defaultConfigurationName = Release;
		};
		D94C58B41B226E4C00008F4B /* Build configuration list for PBXNativeTarget "Sam's Second App" */ = {
			isa = XCConfigurationList;
			buildConfigurations = (
				D94C58B51B226E4C00008F4B /* Debug */,
				D94C58B61B226E4C00008F4B /* Release */,
			);
			defaultConfigurationIsVisible = 0;
		};
		D94C58B71B226E4C00008F4B /* Build configuration list for PBXNativeTarget "Sam's Second AppTests" */ = {
			isa = XCConfigurationList;
			buildConfigurations = (
				D94C58B81B226E4C00008F4B /* Debug */,
				D94C58B91B226E4C00008F4B /* Release */,
			);
			defaultConfigurationIsVisible = 0;
		};
/* End XCConfigurationList section */
	};
	rootObject = D94C58891B226E4C00008F4B /* Project object */;
}
